
Microsoft Visual Studio Solution File, Format Version 12.00
# Visual Studio Version 17
VisualStudioVersion = 17.2.32630.192
MinimumVisualStudioVersion = 10.0.40219.1
Project("{FAE04EC0-301F-11D3-BF4B-00C04F79EFBC}") = "VBBData", "VBBData\VBBData.csproj", "{F8AE80F1-A382-4568-BF2F-74C1B21807CE}"
EndProject
Global
	GlobalSection(SolutionConfigurationPlatforms) = preSolution
		Debug|Any CPU = Debug|Any CPU
		Release|Any CPU = Release|Any CPU
	EndGlobalSection
	GlobalSection(ProjectConfigurationPlatforms) = postSolution
		{F8AE80F1-A382-4568-BF2F-74C1B21807CE}.Debug|Any CPU.ActiveCfg = Release|Any CPU
		{F8AE80F1-A382-4568-BF2F-74C1B21807CE}.Debug|Any CPU.Build.0 = Release|Any CPU
		{F8AE80F1-A382-4568-BF2F-74C1B21807CE}.Release|Any CPU.ActiveCfg = Release|Any CPU
		{F8AE80F1-A382-4568-BF2F-74C1B21807CE}.Release|Any CPU.Build.0 = Release|Any CPU
	EndGlobalSection
	GlobalSection(SolutionProperties) = preSolution
		HideSolutionNode = FALSE
	EndGlobalSection
	GlobalSection(ExtensibilityGlobals) = postSolution
		SolutionGuid = {51C3EE50-FC68-4831-AA76-8C5DF58B7537}
	EndGlobalSection
EndGlobal
